
Microsoft Visual Studio Solution File, Format Version 12.00
# Visual Studio Version 16
VisualStudioVersion = 16.0.29709.97
MinimumVisualStudioVersion = 10.0.40219.1
Project("{FAE04EC0-301F-11D3-BF4B-00C04F79EFBC}") = "GradeBook", "GradeBook.csproj", "{8EA6C486-2843-4C08-ADE0-7C36323C0CB2}"
EndProject
Global
	GlobalSection(SolutionConfigurationPlatforms) = preSolution
		Debug|Any CPU = Debug|Any CPU
		Release|Any CPU = Release|Any CPU
	EndGlobalSection
	GlobalSection(ProjectConfigurationPlatforms) = postSolution
		{8EA6C486-2843-4C08-ADE0-7C36323C0CB2}.Debug|Any CPU.ActiveCfg = Debug|Any CPU
		{8EA6C486-2843-4C08-ADE0-7C36323C0CB2}.Debug|Any CPU.Build.0 = Debug|Any CPU
		{8EA6C486-2843-4C08-ADE0-7C36323C0CB2}.Release|Any CPU.ActiveCfg = Release|Any CPU
		{8EA6C486-2843-4C08-ADE0-7C36323C0CB2}.Release|Any CPU.Build.0 = Release|Any CPU
	EndGlobalSection
	GlobalSection(SolutionProperties) = preSolution
		HideSolutionNode = FALSE
	EndGlobalSection
	GlobalSection(ExtensibilityGlobals) = postSolution
		SolutionGuid = {A20E31CD-BF09-4A4A-A740-18FB13C13967}
	EndGlobalSection
EndGlobal
